PODS:
  - Fattmerchant (2.4.3)

DEPENDENCIES:
  - Fattmerchant (from `https://github.com/fattmerchantorg/fattmerchant-ios-sdk.git`, tag `release/2.4.3`)

EXTERNAL SOURCES:
  Fattmerchant:
    :git: https://github.com/fattmerchantorg/fattmerchant-ios-sdk.git
    :tag: release/2.4.3

CHECKOUT OPTIONS:
  Fattmerchant:
    :git: https://github.com/fattmerchantorg/fattmerchant-ios-sdk.git
    :tag: release/2.4.3

SPEC CHECKSUMS:
  Fattmerchant: d690d1c1ec33874ae0b18bc46a1d16964ba9dc9b

PODFILE CHECKSUM: e1efbba8db3e520f4d66d9ff18a7c4f24aaff10d

COCOAPODS: 1.16.2
